// !$*UTF8*$!
{
	archiveVersion = 1;
	classes = {
	};
	objectVersion = 50;
	objects = {

/* Begin PBXBuildFile section */
		63A60959264A957C0003AA8F /* AppDelegate.swift in Sources */ = {isa = PBXBuildFile; fileRef = 63A60958264A957C0003AA8F /* AppDelegate.swift */; };
		63A6095B264A957C0003AA8F /* SceneDelegate.swift in Sources */ = {isa = PBXBuildFile; fileRef = 63A6095A264A957C0003AA8F /* SceneDelegate.swift */; };
		63A6095D264A957C0003AA8F /* FlightGridViewController.swift in Sources */ = {isa = PBXBuildFile; fileRef = 63A6095C264A957C0003AA8F /* FlightGridViewController.swift */; };
		63A60960264A957C0003AA8F /* FlightGrid.storyboard in Resources */ = {isa = PBXBuildFile; fileRef = 63A6095E264A957C0003AA8F /* FlightGrid.storyboard */; };
		63A60962264A957F0003AA8F /* Assets.xcassets in Resources */ = {isa = PBXBuildFile; fileRef = 63A60961264A957F0003AA8F /* Assets.xcassets */; };
		63A60965264A957F0003AA8F /* LaunchScreen.storyboard in Resources */ = {isa = PBXBuildFile; fileRef = 63A60963264A957F0003AA8F /* LaunchScreen.storyboard */; };
		63A60971264A96700003AA8F /* FlightCell.swift in Sources */ = {isa = PBXBuildFile; fileRef = 63A60970264A96700003AA8F /* FlightCell.swift */; };
		63A60974264A97DF0003AA8F /* FlightAPI.swift in Sources */ = {isa = PBXBuildFile; fileRef = 63A60973264A97DF0003AA8F /* FlightAPI.swift */; };
		63A60979264A99150003AA8F /* FlightStore.swift in Sources */ = {isa = PBXBuildFile; fileRef = 63A60978264A99150003AA8F /* FlightStore.swift */; };
		63A6097D264A9BF90003AA8F /* Flight.swift in Sources */ = {isa = PBXBuildFile; fileRef = 63A6097C264A9BF90003AA8F /* Flight.swift */; };
		63F89D45264BCCAE00C5B3EB /* FloatButton.swift in Sources */ = {isa = PBXBuildFile; fileRef = 63F89D44264BCCAE00C5B3EB /* FloatButton.swift */; };
		63F89D4A264BCECA00C5B3EB /* FlightPersistance.swift in Sources */ = {isa = PBXBuildFile; fileRef = 63F89D49264BCECA00C5B3EB /* FlightPersistance.swift */; };
		63FE9203264AD04100A79721 /* instructions.txt in Resources */ = {isa = PBXBuildFile; fileRef = 63FE9202264AD04100A79721 /* instructions.txt */; };
		63FE9206264AD13F00A79721 /* FlightDataSource.swift in Sources */ = {isa = PBXBuildFile; fileRef = 63FE9205264AD13F00A79721 /* FlightDataSource.swift */; };
		63FE9209264AD6B500A79721 /* FlightGridVC + FlowExt.swift in Sources */ = {isa = PBXBuildFile; fileRef = 63FE9208264AD6B500A79721 /* FlightGridVC + FlowExt.swift */; };
		63FE920D264AE1B100A79721 /* FlightGridVC + DelegateExt.swift in Sources */ = {isa = PBXBuildFile; fileRef = 63FE920C264AE1B100A79721 /* FlightGridVC + DelegateExt.swift */; };
		63FE9212264AE75D00A79721 /* DetailViewController.swift in Sources */ = {isa = PBXBuildFile; fileRef = 63FE9211264AE75D00A79721 /* DetailViewController.swift */; };
		63FE9217264AE79100A79721 /* Detail.storyboard in Resources */ = {isa = PBXBuildFile; fileRef = 63FE9216264AE79100A79721 /* Detail.storyboard */; };
/* End PBXBuildFile section */

/* Begin PBXFileReference section */
		63A60955264A957C0003AA8F /* TestSita.app */ = {isa = PBXFileReference; explicitFileType = wrapper.application; includeInIndex = 0; path = TestSita.app; sourceTree = BUILT_PRODUCTS_DIR; };
		63A60958264A957C0003AA8F /* AppDelegate.swift */ = {isa = PBXFileReference; lastKnownFileType = sourcecode.swift; path = AppDelegate.swift; sourceTree = "<group>"; };
		63A6095A264A957C0003AA8F /* SceneDelegate.swift */ = {isa = PBXFileReference; lastKnownFileType = sourcecode.swift; path = SceneDelegate.swift; sourceTree = "<group>"; };
		63A6095C264A957C0003AA8F /* FlightGridViewController.swift */ = {isa = PBXFileReference; lastKnownFileType = sourcecode.swift; path = FlightGridViewController.swift; sourceTree = "<group>"; };
		63A6095F264A957C0003AA8F /* Base */ = {isa = PBXFileReference; lastKnownFileType = file.storyboard; name = Base; path = Base.lproj/FlightGrid.storyboard; sourceTree = "<group>"; };
		63A60961264A957F0003AA8F /* Assets.xcassets */ = {isa = PBXFileReference; lastKnownFileType = folder.assetcatalog; path = Assets.xcassets; sourceTree = "<group>"; };
		63A60964264A957F0003AA8F /* Base */ = {isa = PBXFileReference; lastKnownFileType = file.storyboard; name = Base; path = Base.lproj/LaunchScreen.storyboard; sourceTree = "<group>"; };
		63A60966264A957F0003AA8F /* Info.plist */ = {isa = PBXFileReference; lastKnownFileType = text.plist.xml; path = Info.plist; sourceTree = "<group>"; };
		63A60970264A96700003AA8F /* FlightCell.swift */ = {isa = PBXFileReference; lastKnownFileType = sourcecode.swift; path = FlightCell.swift; sourceTree = "<group>"; };
		63A60973264A97DF0003AA8F /* FlightAPI.swift */ = {isa = PBXFileReference; lastKnownFileType = sourcecode.swift; path = FlightAPI.swift; sourceTree = "<group>"; };
		63A60978264A99150003AA8F /* FlightStore.swift */ = {isa = PBXFileReference; lastKnownFileType = sourcecode.swift; path = FlightStore.swift; sourceTree = "<group>"; };
		63A6097C264A9BF90003AA8F /* Flight.swift */ = {isa = PBXFileReference; lastKnownFileType = sourcecode.swift; path = Flight.swift; sourceTree = "<group>"; };
		63F89D44264BCCAE00C5B3EB /* FloatButton.swift */ = {isa = PBXFileReference; lastKnownFileType = sourcecode.swift; path = FloatButton.swift; sourceTree = "<group>"; };
		63F89D49264BCECA00C5B3EB /* FlightPersistance.swift */ = {isa = PBXFileReference; lastKnownFileType = sourcecode.swift; path = FlightPersistance.swift; sourceTree = "<group>"; };
		63FE9202264AD04100A79721 /* instructions.txt */ = {isa = PBXFileReference; lastKnownFileType = text; path = instructions.txt; sourceTree = "<group>"; };
		63FE9205264AD13F00A79721 /* FlightDataSource.swift */ = {isa = PBXFileReference; lastKnownFileType = sourcecode.swift; path = FlightDataSource.swift; sourceTree = "<group>"; };
		63FE9208264AD6B500A79721 /* FlightGridVC + FlowExt.swift */ = {isa = PBXFileReference; lastKnownFileType = sourcecode.swift; path = "FlightGridVC + FlowExt.swift"; sourceTree = "<group>"; };
		63FE920C264AE1B100A79721 /* FlightGridVC + DelegateExt.swift */ = {isa = PBXFileReference; lastKnownFileType = sourcecode.swift; path = "FlightGridVC + DelegateExt.swift"; sourceTree = "<group>"; };
		63FE9211264AE75D00A79721 /* DetailViewController.swift */ = {isa = PBXFileReference; lastKnownFileType = sourcecode.swift; path = DetailViewController.swift; sourceTree = "<group>"; };
		63FE9216264AE79100A79721 /* Detail.storyboard */ = {isa = PBXFileReference; lastKnownFileType = file.storyboard; path = Detail.storyboard; sourceTree = "<group>"; };
/* End PBXFileReference section */

/* Begin PBXFrameworksBuildPhase section */
		63A60952264A957C0003AA8F /* Frameworks */ = {
			isa = PBXFrameworksBuildPhase;
			buildActionMask = 2147483647;
			files = (
			);
			runOnlyForDeploymentPostprocessing = 0;
		};
/* End PBXFrameworksBuildPhase section */

/* Begin PBXGroup section */
		63A6094C264A957C0003AA8F = {
			isa = PBXGroup;
			children = (
				63A60957264A957C0003AA8F /* TestSita */,
				63A60956264A957C0003AA8F /* Products */,
			);
			sourceTree = "<group>";
		};
		63A60956264A957C0003AA8F /* Products */ = {
			isa = PBXGroup;
			children = (
				63A60955264A957C0003AA8F /* TestSita.app */,
			);
			name = Products;
			sourceTree = "<group>";
		};
		63A60957264A957C0003AA8F /* TestSita */ = {
			isa = PBXGroup;
			children = (
				63A60958264A957C0003AA8F /* AppDelegate.swift */,
				63A6095A264A957C0003AA8F /* SceneDelegate.swift */,
				63F89D47264BCE2D00C5B3EB /* CustomViews */,
				63A60976264A97E20003AA8F /* Model */,
				63A6096E264A95EA0003AA8F /* FlightGrid */,
				63FE9214264AE78100A79721 /* Detail */,
				63A60961264A957F0003AA8F /* Assets.xcassets */,
				63A60963264A957F0003AA8F /* LaunchScreen.storyboard */,
				63A60966264A957F0003AA8F /* Info.plist */,
				63FE9202264AD04100A79721 /* instructions.txt */,
			);
			path = TestSita;
			sourceTree = "<group>";
		};
		63A6096E264A95EA0003AA8F /* FlightGrid */ = {
			isa = PBXGroup;
			children = (
				63A6095E264A957C0003AA8F /* FlightGrid.storyboard */,
				63A6095C264A957C0003AA8F /* FlightGridViewController.swift */,
				63FE9205264AD13F00A79721 /* FlightDataSource.swift */,
				63FE920C264AE1B100A79721 /* FlightGridVC + DelegateExt.swift */,
				63FE9208264AD6B500A79721 /* FlightGridVC + FlowExt.swift */,
				63A60970264A96700003AA8F /* FlightCell.swift */,
			);
			path = FlightGrid;
			sourceTree = "<group>";
		};
		63A60976264A97E20003AA8F /* Model */ = {
			isa = PBXGroup;
			children = (
				63A60973264A97DF0003AA8F /* FlightAPI.swift */,
				63F89D49264BCECA00C5B3EB /* FlightPersistance.swift */,
				63A60978264A99150003AA8F /* FlightStore.swift */,
				63A6097C264A9BF90003AA8F /* Flight.swift */,
			);
			path = Model;
			sourceTree = "<group>";
		};
		63F89D47264BCE2D00C5B3EB /* CustomViews */ = {
			isa = PBXGroup;
			children = (
				63F89D44264BCCAE00C5B3EB /* FloatButton.swift */,
			);
			path = CustomViews;
			sourceTree = "<group>";
		};
		63FE9214264AE78100A79721 /* Detail */ = {
			isa = PBXGroup;
			children = (
				63FE9211264AE75D00A79721 /* DetailViewController.swift */,
				63FE9216264AE79100A79721 /* Detail.storyboard */,
			);
			path = Detail;
			sourceTree = "<group>";
		};
/* End PBXGroup section */

/* Begin PBXNativeTarget section */
		63A60954264A957C0003AA8F /* TestSita */ = {
			isa = PBXNativeTarget;
			buildConfigurationList = 63A60969264A957F0003AA8F /* Build configuration list for PBXNativeTarget "TestSita" */;
			buildPhases = (
				63A60951264A957C0003AA8F /* Sources */,
				63A60952264A957C0003AA8F /* Frameworks */,
				63A60953264A957C0003AA8F /* Resources */,
			);
			buildRules = (
			);
			dependencies = (
			);
			name = TestSita;
			productName = TestSita;
			productReference = 63A60955264A957C0003AA8F /* TestSita.app */;
			productType = "com.apple.product-type.application";
		};
/* End PBXNativeTarget section */

/* Begin PBXProject section */
		63A6094D264A957C0003AA8F /* Project object */ = {
			isa = PBXProject;
			attributes = {
				LastSwiftUpdateCheck = 1240;
				LastUpgradeCheck = 1240;
				TargetAttributes = {
					63A60954264A957C0003AA8F = {
						CreatedOnToolsVersion = 12.4;
					};
				};
			};
			buildConfigurationList = 63A60950264A957C0003AA8F /* Build configuration list for PBXProject "TestSita" */;
			compatibilityVersion = "Xcode 9.3";
			developmentRegion = en;
			hasScannedForEncodings = 0;
			knownRegions = (
				en,
				Base,
			);
			mainGroup = 63A6094C264A957C0003AA8F;
			productRefGroup = 63A60956264A957C0003AA8F /* Products */;
			projectDirPath = "";
			projectRoot = "";
			targets = (
				63A60954264A957C0003AA8F /* TestSita */,
			);
		};
/* End PBXProject section */

/* Begin PBXResourcesBuildPhase section */
		63A60953264A957C0003AA8F /* Resources */ = {
			isa = PBXResourcesBuildPhase;
			buildActionMask = 2147483647;
			files = (
				63A60965264A957F0003AA8F /* LaunchScreen.storyboard in Resources */,
				63A60962264A957F0003AA8F /* Assets.xcassets in Resources */,
				63A60960264A957C0003AA8F /* FlightGrid.storyboard in Resources */,
				63FE9217264AE79100A79721 /* Detail.storyboard in Resources */,
				63FE9203264AD04100A79721 /* instructions.txt in Resources */,
			);
			runOnlyForDeploymentPostprocessing = 0;
		};
/* End PBXResourcesBuildPhase section */

/* Begin PBXSourcesBuildPhase section */
		63A60951264A957C0003AA8F /* Sources */ = {
			isa = PBXSourcesBuildPhase;
			buildActionMask = 2147483647;
			files = (
				63FE9212264AE75D00A79721 /* DetailViewController.swift in Sources */,
				63A60974264A97DF0003AA8F /* FlightAPI.swift in Sources */,
				63FE9209264AD6B500A79721 /* FlightGridVC + FlowExt.swift in Sources */,
				63A6095D264A957C0003AA8F /* FlightGridViewController.swift in Sources */,
				63FE9206264AD13F00A79721 /* FlightDataSource.swift in Sources */,
				63A60971264A96700003AA8F /* FlightCell.swift in Sources */,
				63F89D45264BCCAE00C5B3EB /* FloatButton.swift in Sources */,
				63A60979264A99150003AA8F /* FlightStore.swift in Sources */,
				63A60959264A957C0003AA8F /* AppDelegate.swift in Sources */,
				63A6095B264A957C0003AA8F /* SceneDelegate.swift in Sources */,
				63F89D4A264BCECA00C5B3EB /* FlightPersistance.swift in Sources */,
				63FE920D264AE1B100A79721 /* FlightGridVC + DelegateExt.swift in Sources */,
				63A6097D264A9BF90003AA8F /* Flight.swift in Sources */,
			);
			runOnlyForDeploymentPostprocessing = 0;
		};
/* End PBXSourcesBuildPhase section */

/* Begin PBXVariantGroup section */
		63A6095E264A957C0003AA8F /* FlightGrid.storyboard */ = {
			isa = PBXVariantGroup;
			children = (
				63A6095F264A957C0003AA8F /* Base */,
			);
			name = FlightGrid.storyboard;
			sourceTree = "<group>";
		};
		63A60963264A957F0003AA8F /* LaunchScreen.storyboard */ = {
			isa = PBXVariantGroup;
			children = (
				63A60964264A957F0003AA8F /* Base */,
			);
			name = LaunchScreen.storyboard;
			sourceTree = "<group>";
		};
/* End PBXVariantGroup section */

/* Begin XCBuildConfiguration section */
		63A60967264A957F0003AA8F /* Debug */ = {
			isa = XCBuildConfiguration;
			buildSettings = {
				ALWAYS_SEARCH_USER_PATHS = NO;
				CLANG_ANALYZER_NONNULL = YES;
				CLANG_ANALYZER_NUMBER_OBJECT_CONVERSION = YES_AGGRESSIVE;
				CLANG_CXX_LANGUAGE_STANDARD = "gnu++14";
				CLANG_CXX_LIBRARY = "libc++";
				CLANG_ENABLE_MODULES = YES;
				CLANG_ENABLE_OBJC_ARC = YES;
				CLANG_ENABLE_OBJC_WEAK = YES;
				CLANG_WARN_BLOCK_CAPTURE_AUTORELEASING = YES;
				CLANG_WARN_BOOL_CONVERSION = YES;
				CLANG_WARN_COMMA = YES;
				CLANG_WARN_CONSTANT_CONVERSION = YES;
				CLANG_WARN_DEPRECATED_OBJC_IMPLEMENTATIONS = YES;
				CLANG_WARN_DIRECT_OBJC_ISA_USAGE = YES_ERROR;
				CLANG_WARN_DOCUMENTATION_COMMENTS = YES;
				CLANG_WARN_EMPTY_BODY = YES;
				CLANG_WARN_ENUM_CONVERSION = YES;
				CLANG_WARN_INFINITE_RECURSION = YES;
				CLANG_WARN_INT_CONVERSION = YES;
				CLANG_WARN_NON_LITERAL_NULL_CONVERSION = YES;
				CLANG_WARN_OBJC_IMPLICIT_RETAIN_SELF = YES;
				CLANG_WARN_OBJC_LITERAL_CONVERSION = YES;
				CLANG_WARN_OBJC_ROOT_CLASS = YES_ERROR;
				CLANG_WARN_QUOTED_INCLUDE_IN_FRAMEWORK_HEADER = YES;
				CLANG_WARN_RANGE_LOOP_ANALYSIS = YES;
				CLANG_WARN_STRICT_PROTOTYPES = YES;
				CLANG_WARN_SUSPICIOUS_MOVE = YES;
				CLANG_WARN_UNGUARDED_AVAILABILITY = YES_AGGRESSIVE;
				CLANG_WARN_UNREACHABLE_CODE = YES;
				CLANG_WARN__DUPLICATE_METHOD_MATCH = YES;
				COPY_PHASE_STRIP = NO;
				DEBUG_INFORMATION_FORMAT = dwarf;
				ENABLE_STRICT_OBJC_MSGSEND = YES;
				ENABLE_TESTABILITY = YES;
				GCC_C_LANGUAGE_STANDARD = gnu11;
				GCC_DYNAMIC_NO_PIC = NO;
				GCC_NO_COMMON_BLOCKS = YES;
				GCC_OPTIMIZATION_LEVEL = 0;
				GCC_PREPROCESSOR_DEFINITIONS = (
					"DEBUG=1",
					"$(inherited)",
				);
				GCC_WARN_64_TO_32_BIT_CONVERSION = YES;
				GCC_WARN_ABOUT_RETURN_TYPE = YES_ERROR;
				GCC_WARN_UNDECLARED_SELECTOR = YES;
				GCC_WARN_UNINITIALIZED_AUTOS = YES_AGGRESSIVE;
				GCC_WARN_UNUSED_FUNCTION = YES;
				GCC_WARN_UNUSED_VARIABLE = YES;
				IPHONEOS_DEPLOYMENT_TARGET = 14.4;
				MTL_ENABLE_DEBUG_INFO = INCLUDE_SOURCE;
				MTL_FAST_MATH = YES;
				ONLY_ACTIVE_ARCH = YES;
				SDKROOT = iphoneos;
				SWIFT_ACTIVE_COMPILATION_CONDITIONS = DEBUG;
				SWIFT_OPTIMIZATION_LEVEL = "-Onone";
			};
			name = Debug;
		};
		63A60968264A957F0003AA8F /* Release */ = {
			isa = XCBuildConfiguration;
			buildSettings = {
				ALWAYS_SEARCH_USER_PATHS = NO;
				CLANG_ANALYZER_NONNULL = YES;
				CLANG_ANALYZER_NUMBER_OBJECT_CONVERSION = YES_AGGRESSIVE;
				CLANG_CXX_LANGUAGE_STANDARD = "gnu++14";
				CLANG_CXX_LIBRARY = "libc++";
				CLANG_ENABLE_MODULES = YES;
				CLANG_ENABLE_OBJC_ARC = YES;
				CLANG_ENABLE_OBJC_WEAK = YES;
				CLANG_WARN_BLOCK_CAPTURE_AUTORELEASING = YES;
				CLANG_WARN_BOOL_CONVERSION = YES;
				CLANG_WARN_COMMA = YES;
				CLANG_WARN_CONSTANT_CONVERSION = YES;
				CLANG_WARN_DEPRECATED_OBJC_IMPLEMENTATIONS = YES;
				CLANG_WARN_DIRECT_OBJC_ISA_USAGE = YES_ERROR;
				CLANG_WARN_DOCUMENTATION_COMMENTS = YES;
				CLANG_WARN_EMPTY_BODY = YES;
				CLANG_WARN_ENUM_CONVERSION = YES;
				CLANG_WARN_INFINITE_RECURSION = YES;
				CLANG_WARN_INT_CONVERSION = YES;
				CLANG_WARN_NON_LITERAL_NULL_CONVERSION = YES;
				CLANG_WARN_OBJC_IMPLICIT_RETAIN_SELF = YES;
				CLANG_WARN_OBJC_LITERAL_CONVERSION = YES;
				CLANG_WARN_OBJC_ROOT_CLASS = YES_ERROR;
				CLANG_WARN_QUOTED_INCLUDE_IN_FRAMEWORK_HEADER = YES;
				CLANG_WARN_RANGE_LOOP_ANALYSIS = YES;
				CLANG_WARN_STRICT_PROTOTYPES = YES;
				CLANG_WARN_SUSPICIOUS_MOVE = YES;
				CLANG_WARN_UNGUARDED_AVAILABILITY = YES_AGGRESSIVE;
				CLANG_WARN_UNREACHABLE_CODE = YES;
				CLANG_WARN__DUPLICATE_METHOD_MATCH = YES;
				COPY_PHASE_STRIP = NO;
				DEBUG_INFORMATION_FORMAT = "dwarf-with-dsym";
				ENABLE_NS_ASSERTIONS = NO;
				ENABLE_STRICT_OBJC_MSGSEND = YES;
				GCC_C_LANGUAGE_STANDARD = gnu11;
				GCC_NO_COMMON_BLOCKS = YES;
				GCC_WARN_64_TO_32_BIT_CONVERSION = YES;
				GCC_WARN_ABOUT_RETURN_TYPE = YES_ERROR;
				GCC_WARN_UNDECLARED_SELECTOR = YES;
				GCC_WARN_UNINITIALIZED_AUTOS = YES_AGGRESSIVE;
				GCC_WARN_UNUSED_FUNCTION = YES;
				GCC_WARN_UNUSED_VARIABLE = YES;
				IPHONEOS_DEPLOYMENT_TARGET = 14.4;
				MTL_ENABLE_DEBUG_INFO = NO;
				MTL_FAST_MATH = YES;
				SDKROOT = iphoneos;
				SWIFT_COMPILATION_MODE = wholemodule;
				SWIFT_OPTIMIZATION_LEVEL = "-O";
				VALIDATE_PRODUCT = YES;
			};
			name = Release;
		};
		63A6096A264A957F0003AA8F /* Debug */ = {
			isa = XCBuildConfiguration;
			buildSettings = {
				ASSETCATALOG_COMPILER_APPICON_NAME = AppIcon;
				ASSETCATALOG_COMPILER_GLOBAL_ACCENT_COLOR_NAME = AccentColor;
				CODE_SIGN_STYLE = Automatic;
				DEVELOPMENT_TEAM = GYT2C7LE9V;
				INFOPLIST_FILE = TestSita/Info.plist;
				LD_RUNPATH_SEARCH_PATHS = (
					"$(inherited)",
					"@executable_path/Frameworks",
				);
				PRODUCT_BUNDLE_IDENTIFIER = com.dabcDev.TestSita;
				PRODUCT_NAME = "$(TARGET_NAME)";
				SWIFT_VERSION = 5.0;
				TARGETED_DEVICE_FAMILY = "1,2";
			};
			name = Debug;
		};
		63A6096B264A957F0003AA8F /* Release */ = {
			isa = XCBuildConfiguration;
			buildSettings = {
				ASSETCATALOG_COMPILER_APPICON_NAME = AppIcon;
				ASSETCATALOG_COMPILER_GLOBAL_ACCENT_COLOR_NAME = AccentColor;
				CODE_SIGN_STYLE = Automatic;
				DEVELOPMENT_TEAM = GYT2C7LE9V;
				INFOPLIST_FILE = TestSita/Info.plist;
				LD_RUNPATH_SEARCH_PATHS = (
					"$(inherited)",
					"@executable_path/Frameworks",
				);
				PRODUCT_BUNDLE_IDENTIFIER = com.dabcDev.TestSita;
				PRODUCT_NAME = "$(TARGET_NAME)";
				SWIFT_VERSION = 5.0;
				TARGETED_DEVICE_FAMILY = "1,2";
			};
			name = Release;
		};
/* End XCBuildConfiguration section */

/* Begin XCConfigurationList section */
		63A60950264A957C0003AA8F /* Build configuration list for PBXProject "TestSita" */ = {
			isa = XCConfigurationList;
			buildConfigurations = (
				63A60967264A957F0003AA8F /* Debug */,
				63A60968264A957F0003AA8F /* Release */,
			);
			defaultConfigurationIsVisible = 0;
			defaultConfigurationName = Release;
		};
		63A60969264A957F0003AA8F /* Build configuration list for PBXNativeTarget "TestSita" */ = {
			isa = XCConfigurationList;
			buildConfigurations = (
				63A6096A264A957F0003AA8F /* Debug */,
				63A6096B264A957F0003AA8F /* Release */,
			);
			defaultConfigurationIsVisible = 0;
			defaultConfigurationName = Release;
		};
/* End XCConfigurationList section */
	};
	rootObject = 63A6094D264A957C0003AA8F /* Project object */;
}
